
Microsoft Visual Studio Solution File, Format Version 12.00
# Visual Studio Version 16
VisualStudioVersion = 16.0.30320.27
MinimumVisualStudioVersion = 10.0.40219.1
Project("{FAE04EC0-301F-11D3-BF4B-00C04F79EFBC}") = "Valuta", "Valuta.csproj", "{9F269764-EFCC-4828-BBAD-ADB1FEAE5FFC}"
EndProject
Global
	GlobalSection(SolutionConfigurationPlatforms) = preSolution
		Debug|Any CPU = Debug|Any CPU
		Release|Any CPU = Release|Any CPU
	EndGlobalSection
	GlobalSection(ProjectConfigurationPlatforms) = postSolution
		{9F269764-EFCC-4828-BBAD-ADB1FEAE5FFC}.Debug|Any CPU.ActiveCfg = Debug|Any CPU
		{9F269764-EFCC-4828-BBAD-ADB1FEAE5FFC}.Debug|Any CPU.Build.0 = Debug|Any CPU
		{9F269764-EFCC-4828-BBAD-ADB1FEAE5FFC}.Release|Any CPU.ActiveCfg = Release|Any CPU
		{9F269764-EFCC-4828-BBAD-ADB1FEAE5FFC}.Release|Any CPU.Build.0 = Release|Any CPU
	EndGlobalSection
	GlobalSection(SolutionProperties) = preSolution
		HideSolutionNode = FALSE
	EndGlobalSection
	GlobalSection(ExtensibilityGlobals) = postSolution
		SolutionGuid = {F48FA6AF-B789-4C7C-B54A-7151C7553B0F}
	EndGlobalSection
EndGlobal
